# generated by rye
# use `rye lock` or `rye sync` to update this lockfile
#
# last locked with the following flags:
#   pre: false
#   features: []
#   all-features: false
#   with-sources: false
#   generate-hashes: false

-e file:.
certifi==2022.12.7
    # via requests
charset-normalizer==2.1.1
    # via requests
click==8.1.7
    # via stylegan3
colorama==0.4.6
    # via click
    # via tqdm
cycler==0.12.1
    # via matplotlib
filelock==3.13.1
    # via torch
fsspec==2024.2.0
    # via torch
glfw==2.2.0
    # via stylegan3
idna==3.4
    # via requests
imageio==2.9.0
    # via stylegan3
imageio-ffmpeg==0.4.3
    # via stylegan3
imgui==1.3.0
    # via stylegan3
intel-openmp==2021.4.0
    # via mkl
jinja2==3.1.3
    # via torch
kiwisolver==1.4.5
    # via matplotlib
markupsafe==2.1.5
    # via jinja2
matplotlib==3.4.2
    # via stylegan3
mkl==2021.4.0
    # via torch
mpmath==1.3.0
    # via sympy
networkx==3.2.1
    # via torch
ninja==1.10.2
    # via stylegan3
numpy==1.24.1
    # via imageio
    # via matplotlib
    # via pyspng
    # via scipy
    # via stylegan3
pillow==10.2.0
    # via imageio
    # via matplotlib
    # via stylegan3
psutil==6.0.0
    # via stylegan3
pyopengl==3.1.5
    # via stylegan3
pyparsing==3.1.2
    # via matplotlib
pyspng==0.1.1
    # via stylegan3
python-dateutil==2.9.0.post0
    # via matplotlib
requests==2.28.1
    # via stylegan3
scipy==1.10.1
    # via stylegan3
setuptools==69.5.1
    # via stylegan3
six==1.16.0
    # via python-dateutil
sympy==1.12
    # via torch
tbb==2021.11.0
    # via mkl
torch==2.3.1+cu121
    # via stylegan3
tqdm==4.64.1
    # via stylegan3
typing-extensions==4.9.0
    # via torch
urllib3==1.26.13
    # via requests
